
Microsoft Visual Studio Solution File, Format Version 12.00
# Visual Studio Version 17
VisualStudioVersion = 17.12.35728.132 d17.12
MinimumVisualStudioVersion = 10.0.40219.1
Project("{FAE04EC0-301F-11D3-BF4B-00C04F79EFBC}") = "CustomKeyBoard.Sample", "CustomKeyBoard.Sample\CustomKeyBoard.Sample.csproj", "{332C03A3-A0B1-49D5-AC03-0367A37BC5BD}"
EndProject
Project("{FAE04EC0-301F-11D3-BF4B-00C04F79EFBC}") = "CustomKeyBoard", "CustomKeyBoard\CustomKeyBoard.csproj", "{FC28FC58-C04C-46BB-B748-2B6CF535F12D}"
EndProject
Global
	GlobalSection(SolutionConfigurationPlatforms) = preSolution
		Debug|Any CPU = Debug|Any CPU
		Release|Any CPU = Release|Any CPU
	EndGlobalSection
	GlobalSection(ProjectConfigurationPlatforms) = postSolution
		{332C03A3-A0B1-49D5-AC03-0367A37BC5BD}.Debug|Any CPU.ActiveCfg = Debug|Any CPU
		{332C03A3-A0B1-49D5-AC03-0367A37BC5BD}.Debug|Any CPU.Build.0 = Debug|Any CPU
		{332C03A3-A0B1-49D5-AC03-0367A37BC5BD}.Release|Any CPU.ActiveCfg = Release|Any CPU
		{332C03A3-A0B1-49D5-AC03-0367A37BC5BD}.Release|Any CPU.Build.0 = Release|Any CPU
		{FC28FC58-C04C-46BB-B748-2B6CF535F12D}.Debug|Any CPU.ActiveCfg = Debug|Any CPU
		{FC28FC58-C04C-46BB-B748-2B6CF535F12D}.Debug|Any CPU.Build.0 = Debug|Any CPU
		{FC28FC58-C04C-46BB-B748-2B6CF535F12D}.Release|Any CPU.ActiveCfg = Release|Any CPU
		{FC28FC58-C04C-46BB-B748-2B6CF535F12D}.Release|Any CPU.Build.0 = Release|Any CPU
	EndGlobalSection
	GlobalSection(SolutionProperties) = preSolution
		HideSolutionNode = FALSE
	EndGlobalSection
EndGlobal
